
Microsoft Visual Studio Solution File, Format Version 12.00
# Visual Studio 14
VisualStudioVersion = 14.0.24720.0
MinimumVisualStudioVersion = 10.0.40219.1
Project("{FAE04EC0-301F-11D3-BF4B-00C04F79EFBC}") = "Anatomie_UNIL", "Anatomie_UNIL\Anatomie_UNIL.csproj", "{9BD010AC-C7D8-4A5F-B4D3-2F8061CA9516}"
EndProject
Project("{FAE04EC0-301F-11D3-BF4B-00C04F79EFBC}") = "Anatomie_UNIL_IOS", "Anatomie_UNIL_IOS\Anatomie_UNIL_IOS.csproj", "{11B86487-DAD9-421C-B45A-8FB26E8997DE}"
EndProject
Project("{FAE04EC0-301F-11D3-BF4B-00C04F79EFBC}") = "Anatomie_UNIL_ANDROID", "Anatomie_UNIL_ANDROID\Anatomie_UNIL_ANDROID.csproj", "{E7268048-27D9-449A-A739-CE2CF9616753}"
EndProject
Global
	GlobalSection(SolutionConfigurationPlatforms) = preSolution
		Ad-Hoc|Any CPU = Ad-Hoc|Any CPU
		Ad-Hoc|ARM = Ad-Hoc|ARM
		Ad-Hoc|iPhone = Ad-Hoc|iPhone
		Ad-Hoc|iPhoneSimulator = Ad-Hoc|iPhoneSimulator
		Ad-Hoc|x64 = Ad-Hoc|x64
		Ad-Hoc|x86 = Ad-Hoc|x86
		AppStore|Any CPU = AppStore|Any CPU
		AppStore|ARM = AppStore|ARM
		AppStore|iPhone = AppStore|iPhone
		AppStore|iPhoneSimulator = AppStore|iPhoneSimulator
		AppStore|x64 = AppStore|x64
		AppStore|x86 = AppStore|x86
		Debug|Any CPU = Debug|Any CPU
		Debug|ARM = Debug|ARM
		Debug|iPhone = Debug|iPhone
		Debug|iPhoneSimulator = Debug|iPhoneSimulator
		Debug|x64 = Debug|x64
		Debug|x86 = Debug|x86
		Release|Any CPU = Release|Any CPU
		Release|ARM = Release|ARM
		Release|iPhone = Release|iPhone
		Release|iPhoneSimulator = Release|iPhoneSimulator
		Release|x64 = Release|x64
		Release|x86 = Release|x86
	EndGlobalSection
	GlobalSection(ProjectConfigurationPlatforms) = postSolution
		{9BD010AC-C7D8-4A5F-B4D3-2F8061CA9516}.Ad-Hoc|Any CPU.ActiveCfg = Release|x86
		{9BD010AC-C7D8-4A5F-B4D3-2F8061CA9516}.Ad-Hoc|Any CPU.Build.0 = Release|x86
		{9BD010AC-C7D8-4A5F-B4D3-2F8061CA9516}.Ad-Hoc|Any CPU.Deploy.0 = Release|x86
		{9BD010AC-C7D8-4A5F-B4D3-2F8061CA9516}.Ad-Hoc|ARM.ActiveCfg = Release|ARM
		{9BD010AC-C7D8-4A5F-B4D3-2F8061CA9516}.Ad-Hoc|ARM.Build.0 = Release|ARM
		{9BD010AC-C7D8-4A5F-B4D3-2F8061CA9516}.Ad-Hoc|ARM.Deploy.0 = Release|ARM
		{9BD010AC-C7D8-4A5F-B4D3-2F8061CA9516}.Ad-Hoc|iPhone.ActiveCfg = Release|x86
		{9BD010AC-C7D8-4A5F-B4D3-2F8061CA9516}.Ad-Hoc|iPhone.Build.0 = Release|x86
		{9BD010AC-C7D8-4A5F-B4D3-2F8061CA9516}.Ad-Hoc|iPhone.Deploy.0 = Release|x86
		{9BD010AC-C7D8-4A5F-B4D3-2F8061CA9516}.Ad-Hoc|iPhoneSimulator.ActiveCfg = Release|x86
		{9BD010AC-C7D8-4A5F-B4D3-2F8061CA9516}.Ad-Hoc|iPhoneSimulator.Build.0 = Release|x86
		{9BD010AC-C7D8-4A5F-B4D3-2F8061CA9516}.Ad-Hoc|iPhoneSimulator.Deploy.0 = Release|x86
		{9BD010AC-C7D8-4A5F-B4D3-2F8061CA9516}.Ad-Hoc|x64.ActiveCfg = Release|x64
		{9BD010AC-C7D8-4A5F-B4D3-2F8061CA9516}.Ad-Hoc|x64.Build.0 = Release|x64
		{9BD010AC-C7D8-4A5F-B4D3-2F8061CA9516}.Ad-Hoc|x64.Deploy.0 = Release|x64
		{9BD010AC-C7D8-4A5F-B4D3-2F8061CA9516}.Ad-Hoc|x86.ActiveCfg = Release|x86
		{9BD010AC-C7D8-4A5F-B4D3-2F8061CA9516}.Ad-Hoc|x86.Build.0 = Release|x86
		{9BD010AC-C7D8-4A5F-B4D3-2F8061CA9516}.Ad-Hoc|x86.Deploy.0 = Release|x86
		{9BD010AC-C7D8-4A5F-B4D3-2F8061CA9516}.AppStore|Any CPU.ActiveCfg = Release|x86
		{9BD010AC-C7D8-4A5F-B4D3-2F8061CA9516}.AppStore|Any CPU.Build.0 = Release|x86
		{9BD010AC-C7D8-4A5F-B4D3-2F8061CA9516}.AppStore|Any CPU.Deploy.0 = Release|x86
		{9BD010AC-C7D8-4A5F-B4D3-2F8061CA9516}.AppStore|ARM.ActiveCfg = Release|ARM
		{9BD010AC-C7D8-4A5F-B4D3-2F8061CA9516}.AppStore|ARM.Build.0 = Release|ARM
		{9BD010AC-C7D8-4A5F-B4D3-2F8061CA9516}.AppStore|ARM.Deploy.0 = Release|ARM
		{9BD010AC-C7D8-4A5F-B4D3-2F8061CA9516}.AppStore|iPhone.ActiveCfg = Release|x86
		{9BD010AC-C7D8-4A5F-B4D3-2F8061CA9516}.AppStore|iPhone.Build.0 = Release|x86
		{9BD010AC-C7D8-4A5F-B4D3-2F8061CA9516}.AppStore|iPhone.Deploy.0 = Release|x86
		{9BD010AC-C7D8-4A5F-B4D3-2F8061CA9516}.AppStore|iPhoneSimulator.ActiveCfg = Release|x86
		{9BD010AC-C7D8-4A5F-B4D3-2F8061CA9516}.AppStore|iPhoneSimulator.Build.0 = Release|x86
		{9BD010AC-C7D8-4A5F-B4D3-2F8061CA9516}.AppStore|iPhoneSimulator.Deploy.0 = Release|x86
		{9BD010AC-C7D8-4A5F-B4D3-2F8061CA9516}.AppStore|x64.ActiveCfg = Release|x64
		{9BD010AC-C7D8-4A5F-B4D3-2F8061CA9516}.AppStore|x64.Build.0 = Release|x64
		{9BD010AC-C7D8-4A5F-B4D3-2F8061CA9516}.AppStore|x64.Deploy.0 = Release|x64
		{9BD010AC-C7D8-4A5F-B4D3-2F8061CA9516}.AppStore|x86.ActiveCfg = Release|x86
		{9BD010AC-C7D8-4A5F-B4D3-2F8061CA9516}.AppStore|x86.Build.0 = Release|x86
		{9BD010AC-C7D8-4A5F-B4D3-2F8061CA9516}.AppStore|x86.Deploy.0 = Release|x86
		{9BD010AC-C7D8-4A5F-B4D3-2F8061CA9516}.Debug|Any CPU.ActiveCfg = Debug|x86
		{9BD010AC-C7D8-4A5F-B4D3-2F8061CA9516}.Debug|ARM.ActiveCfg = Debug|ARM
		{9BD010AC-C7D8-4A5F-B4D3-2F8061CA9516}.Debug|ARM.Build.0 = Debug|ARM
		{9BD010AC-C7D8-4A5F-B4D3-2F8061CA9516}.Debug|ARM.Deploy.0 = Debug|ARM
		{9BD010AC-C7D8-4A5F-B4D3-2F8061CA9516}.Debug|iPhone.ActiveCfg = Debug|x86
		{9BD010AC-C7D8-4A5F-B4D3-2F8061CA9516}.Debug|iPhoneSimulator.ActiveCfg = Debug|x86
		{9BD010AC-C7D8-4A5F-B4D3-2F8061CA9516}.Debug|x64.ActiveCfg = Debug|x64
		{9BD010AC-C7D8-4A5F-B4D3-2F8061CA9516}.Debug|x64.Build.0 = Debug|x64
		{9BD010AC-C7D8-4A5F-B4D3-2F8061CA9516}.Debug|x64.Deploy.0 = Debug|x64
		{9BD010AC-C7D8-4A5F-B4D3-2F8061CA9516}.Debug|x86.ActiveCfg = Debug|x86
		{9BD010AC-C7D8-4A5F-B4D3-2F8061CA9516}.Debug|x86.Build.0 = Debug|x86
		{9BD010AC-C7D8-4A5F-B4D3-2F8061CA9516}.Debug|x86.Deploy.0 = Debug|x86
		{9BD010AC-C7D8-4A5F-B4D3-2F8061CA9516}.Release|Any CPU.ActiveCfg = Release|x86
		{9BD010AC-C7D8-4A5F-B4D3-2F8061CA9516}.Release|ARM.ActiveCfg = Release|ARM
		{9BD010AC-C7D8-4A5F-B4D3-2F8061CA9516}.Release|ARM.Build.0 = Release|ARM
		{9BD010AC-C7D8-4A5F-B4D3-2F8061CA9516}.Release|ARM.Deploy.0 = Release|ARM
		{9BD010AC-C7D8-4A5F-B4D3-2F8061CA9516}.Release|iPhone.ActiveCfg = Release|x86
		{9BD010AC-C7D8-4A5F-B4D3-2F8061CA9516}.Release|iPhoneSimulator.ActiveCfg = Release|x86
		{9BD010AC-C7D8-4A5F-B4D3-2F8061CA9516}.Release|x64.ActiveCfg = Release|x64
		{9BD010AC-C7D8-4A5F-B4D3-2F8061CA9516}.Release|x64.Build.0 = Release|x64
		{9BD010AC-C7D8-4A5F-B4D3-2F8061CA9516}.Release|x64.Deploy.0 = Release|x64
		{9BD010AC-C7D8-4A5F-B4D3-2F8061CA9516}.Release|x86.ActiveCfg = Release|x86
		{9BD010AC-C7D8-4A5F-B4D3-2F8061CA9516}.Release|x86.Build.0 = Release|x86
		{9BD010AC-C7D8-4A5F-B4D3-2F8061CA9516}.Release|x86.Deploy.0 = Release|x86
		{11B86487-DAD9-421C-B45A-8FB26E8997DE}.Ad-Hoc|Any CPU.ActiveCfg = Ad-Hoc|iPhone
		{11B86487-DAD9-421C-B45A-8FB26E8997DE}.Ad-Hoc|ARM.ActiveCfg = Ad-Hoc|iPhone
		{11B86487-DAD9-421C-B45A-8FB26E8997DE}.Ad-Hoc|iPhone.ActiveCfg = Ad-Hoc|iPhone
		{11B86487-DAD9-421C-B45A-8FB26E8997DE}.Ad-Hoc|iPhone.Build.0 = Ad-Hoc|iPhone
		{11B86487-DAD9-421C-B45A-8FB26E8997DE}.Ad-Hoc|iPhoneSimulator.ActiveCfg = Ad-Hoc|iPhoneSimulator
		{11B86487-DAD9-421C-B45A-8FB26E8997DE}.Ad-Hoc|iPhoneSimulator.Build.0 = Ad-Hoc|iPhoneSimulator
		{11B86487-DAD9-421C-B45A-8FB26E8997DE}.Ad-Hoc|x64.ActiveCfg = Ad-Hoc|iPhone
		{11B86487-DAD9-421C-B45A-8FB26E8997DE}.Ad-Hoc|x86.ActiveCfg = Ad-Hoc|iPhone
		{11B86487-DAD9-421C-B45A-8FB26E8997DE}.AppStore|Any CPU.ActiveCfg = AppStore|iPhone
		{11B86487-DAD9-421C-B45A-8FB26E8997DE}.AppStore|ARM.ActiveCfg = AppStore|iPhone
		{11B86487-DAD9-421C-B45A-8FB26E8997DE}.AppStore|iPhone.ActiveCfg = AppStore|iPhone
		{11B86487-DAD9-421C-B45A-8FB26E8997DE}.AppStore|iPhone.Build.0 = AppStore|iPhone
		{11B86487-DAD9-421C-B45A-8FB26E8997DE}.AppStore|iPhoneSimulator.ActiveCfg = AppStore|iPhoneSimulator
		{11B86487-DAD9-421C-B45A-8FB26E8997DE}.AppStore|iPhoneSimulator.Build.0 = AppStore|iPhoneSimulator
		{11B86487-DAD9-421C-B45A-8FB26E8997DE}.AppStore|x64.ActiveCfg = AppStore|iPhone
		{11B86487-DAD9-421C-B45A-8FB26E8997DE}.AppStore|x86.ActiveCfg = AppStore|iPhone
		{11B86487-DAD9-421C-B45A-8FB26E8997DE}.Debug|Any CPU.ActiveCfg = Debug|iPhone
		{11B86487-DAD9-421C-B45A-8FB26E8997DE}.Debug|ARM.ActiveCfg = Debug|iPhone
		{11B86487-DAD9-421C-B45A-8FB26E8997DE}.Debug|iPhone.ActiveCfg = Debug|iPhone
		{11B86487-DAD9-421C-B45A-8FB26E8997DE}.Debug|iPhone.Build.0 = Debug|iPhone
		{11B86487-DAD9-421C-B45A-8FB26E8997DE}.Debug|iPhoneSimulator.ActiveCfg = Debug|iPhoneSimulator
		{11B86487-DAD9-421C-B45A-8FB26E8997DE}.Debug|iPhoneSimulator.Build.0 = Debug|iPhoneSimulator
		{11B86487-DAD9-421C-B45A-8FB26E8997DE}.Debug|x64.ActiveCfg = Debug|iPhone
		{11B86487-DAD9-421C-B45A-8FB26E8997DE}.Debug|x86.ActiveCfg = Debug|iPhone
		{11B86487-DAD9-421C-B45A-8FB26E8997DE}.Release|Any CPU.ActiveCfg = Release|iPhone
		{11B86487-DAD9-421C-B45A-8FB26E8997DE}.Release|ARM.ActiveCfg = Release|iPhone
		{11B86487-DAD9-421C-B45A-8FB26E8997DE}.Release|iPhone.ActiveCfg = Release|iPhone
		{11B86487-DAD9-421C-B45A-8FB26E8997DE}.Release|iPhone.Build.0 = Release|iPhone
		{11B86487-DAD9-421C-B45A-8FB26E8997DE}.Release|iPhoneSimulator.ActiveCfg = Release|iPhoneSimulator
		{11B86487-DAD9-421C-B45A-8FB26E8997DE}.Release|iPhoneSimulator.Build.0 = Release|iPhoneSimulator
		{11B86487-DAD9-421C-B45A-8FB26E8997DE}.Release|x64.ActiveCfg = Release|iPhone
		{11B86487-DAD9-421C-B45A-8FB26E8997DE}.Release|x86.ActiveCfg = Release|iPhone
		{E7268048-27D9-449A-A739-CE2CF9616753}.Ad-Hoc|Any CPU.ActiveCfg = Release|Any CPU
		{E7268048-27D9-449A-A739-CE2CF9616753}.Ad-Hoc|Any CPU.Build.0 = Release|Any CPU
		{E7268048-27D9-449A-A739-CE2CF9616753}.Ad-Hoc|Any CPU.Deploy.0 = Release|Any CPU
		{E7268048-27D9-449A-A739-CE2CF9616753}.Ad-Hoc|ARM.ActiveCfg = Release|Any CPU
		{E7268048-27D9-449A-A739-CE2CF9616753}.Ad-Hoc|ARM.Build.0 = Release|Any CPU
		{E7268048-27D9-449A-A739-CE2CF9616753}.Ad-Hoc|ARM.Deploy.0 = Release|Any CPU
		{E7268048-27D9-449A-A739-CE2CF9616753}.Ad-Hoc|iPhone.ActiveCfg = Release|Any CPU
		{E7268048-27D9-449A-A739-CE2CF9616753}.Ad-Hoc|iPhone.Build.0 = Release|Any CPU
		{E7268048-27D9-449A-A739-CE2CF9616753}.Ad-Hoc|iPhone.Deploy.0 = Release|Any CPU
		{E7268048-27D9-449A-A739-CE2CF9616753}.Ad-Hoc|iPhoneSimulator.ActiveCfg = Release|Any CPU
		{E7268048-27D9-449A-A739-CE2CF9616753}.Ad-Hoc|iPhoneSimulator.Build.0 = Release|Any CPU
		{E7268048-27D9-449A-A739-CE2CF9616753}.Ad-Hoc|iPhoneSimulator.Deploy.0 = Release|Any CPU
		{E7268048-27D9-449A-A739-CE2CF9616753}.Ad-Hoc|x64.ActiveCfg = Release|Any CPU
		{E7268048-27D9-449A-A739-CE2CF9616753}.Ad-Hoc|x64.Build.0 = Release|Any CPU
		{E7268048-27D9-449A-A739-CE2CF9616753}.Ad-Hoc|x64.Deploy.0 = Release|Any CPU
		{E7268048-27D9-449A-A739-CE2CF9616753}.Ad-Hoc|x86.ActiveCfg = Release|Any CPU
		{E7268048-27D9-449A-A739-CE2CF9616753}.Ad-Hoc|x86.Build.0 = Release|Any CPU
		{E7268048-27D9-449A-A739-CE2CF9616753}.Ad-Hoc|x86.Deploy.0 = Release|Any CPU
		{E7268048-27D9-449A-A739-CE2CF9616753}.AppStore|Any CPU.ActiveCfg = Release|Any CPU
		{E7268048-27D9-449A-A739-CE2CF9616753}.AppStore|Any CPU.Build.0 = Release|Any CPU
		{E7268048-27D9-449A-A739-CE2CF9616753}.AppStore|Any CPU.Deploy.0 = Release|Any CPU
		{E7268048-27D9-449A-A739-CE2CF9616753}.AppStore|ARM.ActiveCfg = Release|Any CPU
		{E7268048-27D9-449A-A739-CE2CF9616753}.AppStore|ARM.Build.0 = Release|Any CPU
		{E7268048-27D9-449A-A739-CE2CF9616753}.AppStore|ARM.Deploy.0 = Release|Any CPU
		{E7268048-27D9-449A-A739-CE2CF9616753}.AppStore|iPhone.ActiveCfg = Release|Any CPU
		{E7268048-27D9-449A-A739-CE2CF9616753}.AppStore|iPhone.Build.0 = Release|Any CPU
		{E7268048-27D9-449A-A739-CE2CF9616753}.AppStore|iPhone.Deploy.0 = Release|Any CPU
		{E7268048-27D9-449A-A739-CE2CF9616753}.AppStore|iPhoneSimulator.ActiveCfg = Release|Any CPU
		{E7268048-27D9-449A-A739-CE2CF9616753}.AppStore|iPhoneSimulator.Build.0 = Release|Any CPU
		{E7268048-27D9-449A-A739-CE2CF9616753}.AppStore|iPhoneSimulator.Deploy.0 = Release|Any CPU
		{E7268048-27D9-449A-A739-CE2CF9616753}.AppStore|x64.ActiveCfg = Release|Any CPU
		{E7268048-27D9-449A-A739-CE2CF9616753}.AppStore|x64.Build.0 = Release|Any CPU
		{E7268048-27D9-449A-A739-CE2CF9616753}.AppStore|x64.Deploy.0 = Release|Any CPU
		{E7268048-27D9-449A-A739-CE2CF9616753}.AppStore|x86.ActiveCfg = Release|Any CPU
		{E7268048-27D9-449A-A739-CE2CF9616753}.AppStore|x86.Build.0 = Release|Any CPU
		{E7268048-27D9-449A-A739-CE2CF9616753}.AppStore|x86.Deploy.0 = Release|Any CPU
		{E7268048-27D9-449A-A739-CE2CF9616753}.Debug|Any CPU.ActiveCfg = Debug|Any CPU
		{E7268048-27D9-449A-A739-CE2CF9616753}.Debug|Any CPU.Build.0 = Debug|Any CPU
		{E7268048-27D9-449A-A739-CE2CF9616753}.Debug|Any CPU.Deploy.0 = Debug|Any CPU
		{E7268048-27D9-449A-A739-CE2CF9616753}.Debug|ARM.ActiveCfg = Debug|Any CPU
		{E7268048-27D9-449A-A739-CE2CF9616753}.Debug|ARM.Build.0 = Debug|Any CPU
		{E7268048-27D9-449A-A739-CE2CF9616753}.Debug|ARM.Deploy.0 = Debug|Any CPU
		{E7268048-27D9-449A-A739-CE2CF9616753}.Debug|iPhone.ActiveCfg = Debug|Any CPU
		{E7268048-27D9-449A-A739-CE2CF9616753}.Debug|iPhone.Build.0 = Debug|Any CPU
		{E7268048-27D9-449A-A739-CE2CF9616753}.Debug|iPhone.Deploy.0 = Debug|Any CPU
		{E7268048-27D9-449A-A739-CE2CF9616753}.Debug|iPhoneSimulator.ActiveCfg = Debug|Any CPU
		{E7268048-27D9-449A-A739-CE2CF9616753}.Debug|iPhoneSimulator.Build.0 = Debug|Any CPU
		{E7268048-27D9-449A-A739-CE2CF9616753}.Debug|iPhoneSimulator.Deploy.0 = Debug|Any CPU
		{E7268048-27D9-449A-A739-CE2CF9616753}.Debug|x64.ActiveCfg = Debug|Any CPU
		{E7268048-27D9-449A-A739-CE2CF9616753}.Debug|x64.Build.0 = Debug|Any CPU
		{E7268048-27D9-449A-A739-CE2CF9616753}.Debug|x64.Deploy.0 = Debug|Any CPU
		{E7268048-27D9-449A-A739-CE2CF9616753}.Debug|x86.ActiveCfg = Debug|Any CPU
		{E7268048-27D9-449A-A739-CE2CF9616753}.Debug|x86.Build.0 = Debug|Any CPU
		{E7268048-27D9-449A-A739-CE2CF9616753}.Debug|x86.Deploy.0 = Debug|Any CPU
		{E7268048-27D9-449A-A739-CE2CF9616753}.Release|Any CPU.ActiveCfg = Release|Any CPU
		{E7268048-27D9-449A-A739-CE2CF9616753}.Release|Any CPU.Build.0 = Release|Any CPU
		{E7268048-27D9-449A-A739-CE2CF9616753}.Release|Any CPU.Deploy.0 = Release|Any CPU
		{E7268048-27D9-449A-A739-CE2CF9616753}.Release|ARM.ActiveCfg = Release|Any CPU
		{E7268048-27D9-449A-A739-CE2CF9616753}.Release|ARM.Build.0 = Release|Any CPU
		{E7268048-27D9-449A-A739-CE2CF9616753}.Release|ARM.Deploy.0 = Release|Any CPU
		{E7268048-27D9-449A-A739-CE2CF9616753}.Release|iPhone.ActiveCfg = Release|Any CPU
		{E7268048-27D9-449A-A739-CE2CF9616753}.Release|iPhone.Build.0 = Release|Any CPU
		{E7268048-27D9-449A-A739-CE2CF9616753}.Release|iPhone.Deploy.0 = Release|Any CPU
		{E7268048-27D9-449A-A739-CE2CF9616753}.Release|iPhoneSimulator.ActiveCfg = Release|Any CPU
		{E7268048-27D9-449A-A739-CE2CF9616753}.Release|iPhoneSimulator.Build.0 = Release|Any CPU
		{E7268048-27D9-449A-A739-CE2CF9616753}.Release|iPhoneSimulator.Deploy.0 = Release|Any CPU
		{E7268048-27D9-449A-A739-CE2CF9616753}.Release|x64.ActiveCfg = Release|Any CPU
		{E7268048-27D9-449A-A739-CE2CF9616753}.Release|x64.Build.0 = Release|Any CPU
		{E7268048-27D9-449A-A739-CE2CF9616753}.Release|x64.Deploy.0 = Release|Any CPU
		{E7268048-27D9-449A-A739-CE2CF9616753}.Release|x86.ActiveCfg = Release|Any CPU
		{E7268048-27D9-449A-A739-CE2CF9616753}.Release|x86.Build.0 = Release|Any CPU
		{E7268048-27D9-449A-A739-CE2CF9616753}.Release|x86.Deploy.0 = Release|Any CPU
	EndGlobalSection
	GlobalSection(SolutionProperties) = preSolution
		HideSolutionNode = FALSE
	EndGlobalSection
EndGlobal
