
Microsoft Visual Studio Solution File, Format Version 12.00
# Visual Studio 2012
Project("{FAE04EC0-301F-11D3-BF4B-00C04F79EFBC}") = "AnatUNIL", "AnatUNIL\AnatUNIL.csproj", "{651EDE63-A993-4056-BFFB-8192FA3F29DF}"
EndProject
Global
	GlobalSection(SolutionConfigurationPlatforms) = preSolution
		Debug|iPhoneSimulator = Debug|iPhoneSimulator
		Release|iPhone = Release|iPhone
		Release|iPhoneSimulator = Release|iPhoneSimulator
		Debug|iPhone = Debug|iPhone
	EndGlobalSection
	GlobalSection(ProjectConfigurationPlatforms) = postSolution
		{651EDE63-A993-4056-BFFB-8192FA3F29DF}.Debug|iPhoneSimulator.ActiveCfg = Debug|iPhoneSimulator
		{651EDE63-A993-4056-BFFB-8192FA3F29DF}.Debug|iPhoneSimulator.Build.0 = Debug|iPhoneSimulator
		{651EDE63-A993-4056-BFFB-8192FA3F29DF}.Release|iPhone.ActiveCfg = Release|iPhone
		{651EDE63-A993-4056-BFFB-8192FA3F29DF}.Release|iPhone.Build.0 = Release|iPhone
		{651EDE63-A993-4056-BFFB-8192FA3F29DF}.Release|iPhoneSimulator.ActiveCfg = Release|iPhoneSimulator
		{651EDE63-A993-4056-BFFB-8192FA3F29DF}.Release|iPhoneSimulator.Build.0 = Release|iPhoneSimulator
		{651EDE63-A993-4056-BFFB-8192FA3F29DF}.Debug|iPhone.ActiveCfg = Debug|iPhone
		{651EDE63-A993-4056-BFFB-8192FA3F29DF}.Debug|iPhone.Build.0 = Debug|iPhone
	EndGlobalSection
EndGlobal
