
Microsoft Visual Studio Solution File, Format Version 12.00
# Visual Studio 2012
Project("{FAE04EC0-301F-11D3-BF4B-00C04F79EFBC}") = "AnatUNIL", "AnatUNIL\AnatUNIL.csproj", "{0C8D961B-931A-48EA-8DBF-0AC703D08A4C}"
EndProject
Global
	GlobalSection(SolutionConfigurationPlatforms) = preSolution
		Debug|iPhoneSimulator = Debug|iPhoneSimulator
		Release|iPhone = Release|iPhone
		Release|iPhoneSimulator = Release|iPhoneSimulator
		Debug|iPhone = Debug|iPhone
	EndGlobalSection
	GlobalSection(ProjectConfigurationPlatforms) = postSolution
		{0C8D961B-931A-48EA-8DBF-0AC703D08A4C}.Debug|iPhoneSimulator.ActiveCfg = Debug|iPhoneSimulator
		{0C8D961B-931A-48EA-8DBF-0AC703D08A4C}.Debug|iPhoneSimulator.Build.0 = Debug|iPhoneSimulator
		{0C8D961B-931A-48EA-8DBF-0AC703D08A4C}.Release|iPhone.ActiveCfg = Release|iPhone
		{0C8D961B-931A-48EA-8DBF-0AC703D08A4C}.Release|iPhone.Build.0 = Release|iPhone
		{0C8D961B-931A-48EA-8DBF-0AC703D08A4C}.Release|iPhoneSimulator.ActiveCfg = Release|iPhoneSimulator
		{0C8D961B-931A-48EA-8DBF-0AC703D08A4C}.Release|iPhoneSimulator.Build.0 = Release|iPhoneSimulator
		{0C8D961B-931A-48EA-8DBF-0AC703D08A4C}.Debug|iPhone.ActiveCfg = Debug|iPhone
		{0C8D961B-931A-48EA-8DBF-0AC703D08A4C}.Debug|iPhone.Build.0 = Debug|iPhone
	EndGlobalSection
	GlobalSection(MonoDevelopProperties) = preSolution
		Policies = $0
		$0.StandardHeader = $1
		version = 0.2
	EndGlobalSection
EndGlobal
